
Microsoft Visual Studio Solution File, Format Version 12.00
# Visual Studio Version 17
VisualStudioVersion = 17.6.33801.468
MinimumVisualStudioVersion = 10.0.40219.1
Project("{FAE04EC0-301F-11D3-BF4B-00C04F79EFBC}") = "Gifter", "Gifter\Gifter.csproj", "{310836B8-2A16-479F-80C8-E59C28E0DC26}"
EndProject
Global
	GlobalSection(SolutionConfigurationPlatforms) = preSolution
		Debug|Any CPU = Debug|Any CPU
		Release|Any CPU = Release|Any CPU
	EndGlobalSection
	GlobalSection(ProjectConfigurationPlatforms) = postSolution
		{310836B8-2A16-479F-80C8-E59C28E0DC26}.Debug|Any CPU.ActiveCfg = Debug|Any CPU
		{310836B8-2A16-479F-80C8-E59C28E0DC26}.Debug|Any CPU.Build.0 = Debug|Any CPU
		{310836B8-2A16-479F-80C8-E59C28E0DC26}.Release|Any CPU.ActiveCfg = Release|Any CPU
		{310836B8-2A16-479F-80C8-E59C28E0DC26}.Release|Any CPU.Build.0 = Release|Any CPU
	EndGlobalSection
	GlobalSection(SolutionProperties) = preSolution
		HideSolutionNode = FALSE
	EndGlobalSection
	GlobalSection(ExtensibilityGlobals) = postSolution
		SolutionGuid = {D8718ABE-E366-4D5B-8AFE-AF3B5095AC93}
	EndGlobalSection
EndGlobal
